# This file is generated by running "yarn install" inside your project.
# Manual changes might be lost - proceed with caution!

__metadata:
  version: 8
  cacheKey: 10c0

"@babel/helper-string-parser@npm:^7.25.9":
  version: 7.25.9
  resolution: "@babel/helper-string-parser@npm:7.25.9"
  checksum: 10c0/7244b45d8e65f6b4338a6a68a8556f2cb161b782343e97281a5f2b9b93e420cad0d9f5773a59d79f61d0c448913d06f6a2358a87f2e203cf112e3c5b53522ee6
  languageName: node
  linkType: hard

"@babel/helper-validator-identifier@npm:^7.25.9":
  version: 7.25.9
  resolution: "@babel/helper-validator-identifier@npm:7.25.9"
  checksum: 10c0/4fc6f830177b7b7e887ad3277ddb3b91d81e6c4a24151540d9d1023e8dc6b1c0505f0f0628ae653601eb4388a8db45c1c14b2c07a9173837aef7e4116456259d
  languageName: node
  linkType: hard

"@babel/parser@npm:^7.25.3":
  version: 7.27.0
  resolution: "@babel/parser@npm:7.27.0"
  dependencies:
    "@babel/types": "npm:^7.27.0"
  bin:
    parser: ./bin/babel-parser.js
  checksum: 10c0/ba2ed3f41735826546a3ef2a7634a8d10351df221891906e59b29b0a0cd748f9b0e7a6f07576858a9de8e77785aad925c8389ddef146de04ea2842047c9d2859
  languageName: node
  linkType: hard

"@babel/types@npm:^7.27.0":
  version: 7.27.0
  resolution: "@babel/types@npm:7.27.0"
  dependencies:
    "@babel/helper-string-parser": "npm:^7.25.9"
    "@babel/helper-validator-identifier": "npm:^7.25.9"
  checksum: 10c0/6f1592eabe243c89a608717b07b72969be9d9d2fce1dee21426238757ea1fa60fdfc09b29de9e48d8104311afc6e6fb1702565a9cc1e09bc1e76f2b2ddb0f6e1
  languageName: node
  linkType: hard

"@jridgewell/sourcemap-codec@npm:^1.5.0":
  version: 1.5.0
  resolution: "@jridgewell/sourcemap-codec@npm:1.5.0"
  checksum: 10c0/2eb864f276eb1096c3c11da3e9bb518f6d9fc0023c78344cdc037abadc725172c70314bdb360f2d4b7bffec7f5d657ce006816bc5d4ecb35e61b66132db00c18
  languageName: node
  linkType: hard

"@vue/compiler-core@npm:3.5.13":
  version: 3.5.13
  resolution: "@vue/compiler-core@npm:3.5.13"
  dependencies:
    "@babel/parser": "npm:^7.25.3"
    "@vue/shared": "npm:3.5.13"
    entities: "npm:^4.5.0"
    estree-walker: "npm:^2.0.2"
    source-map-js: "npm:^1.2.0"
  checksum: 10c0/b89f3e3ca92c3177ae449ada1480df13d99b5b3b2cdcf3202fd37dc30f294a1db1f473209f8bae9233e2d338632219d39b2bfa6941d158cea55255e4b0b30f90
  languageName: node
  linkType: hard

"@vue/compiler-dom@npm:3.5.13":
  version: 3.5.13
  resolution: "@vue/compiler-dom@npm:3.5.13"
  dependencies:
    "@vue/compiler-core": "npm:3.5.13"
    "@vue/shared": "npm:3.5.13"
  checksum: 10c0/8f424a71883c9ef4abdd125d2be8d12dd8cf94ba56089245c88734b1f87c65e10597816070ba2ea0a297a2f66dc579f39275a9a53ef5664c143a12409612cd72
  languageName: node
  linkType: hard

"@vue/compiler-sfc@npm:3.5.13":
  version: 3.5.13
  resolution: "@vue/compiler-sfc@npm:3.5.13"
  dependencies:
    "@babel/parser": "npm:^7.25.3"
    "@vue/compiler-core": "npm:3.5.13"
    "@vue/compiler-dom": "npm:3.5.13"
    "@vue/compiler-ssr": "npm:3.5.13"
    "@vue/shared": "npm:3.5.13"
    estree-walker: "npm:^2.0.2"
    magic-string: "npm:^0.30.11"
    postcss: "npm:^8.4.48"
    source-map-js: "npm:^1.2.0"
  checksum: 10c0/5fd57895ce2801e480c08f31f91f0d1746ed08a9c1973895fd7269615f5bcdf75497978fb358bda738938d9844dea2404064c53b2cdda991014225297acce19e
  languageName: node
  linkType: hard

"@vue/compiler-ssr@npm:3.5.13":
  version: 3.5.13
  resolution: "@vue/compiler-ssr@npm:3.5.13"
  dependencies:
    "@vue/compiler-dom": "npm:3.5.13"
    "@vue/shared": "npm:3.5.13"
  checksum: 10c0/67621337b12fc414fcf9f16578961850724713a9fb64501136e432c2dfe95de99932c46fa24be9820f8bcdf8e7281f815f585b519a95ea979753bafd637dde1b
  languageName: node
  linkType: hard

"@vue/reactivity@npm:3.5.13":
  version: 3.5.13
  resolution: "@vue/reactivity@npm:3.5.13"
  dependencies:
    "@vue/shared": "npm:3.5.13"
  checksum: 10c0/4bf2754a4b8cc31afc8da5bdfd12bba6be67b2963a65f7c9e2b59810883c58128dfc58cce6d1e479c4f666190bc0794f17208d9efd3fc909a2e4843d2cc0e69e
  languageName: node
  linkType: hard

"@vue/runtime-core@npm:3.5.13":
  version: 3.5.13
  resolution: "@vue/runtime-core@npm:3.5.13"
  dependencies:
    "@vue/reactivity": "npm:3.5.13"
    "@vue/shared": "npm:3.5.13"
  checksum: 10c0/b6be854bf082a224222614a334fbeac0e7b6445f3cf4ea45cbd49ae4bb1551200c461c14c7a452d748f2459f7402ad4dee5522d51be5a28ea4ae1f699a7c016f
  languageName: node
  linkType: hard

"@vue/runtime-dom@npm:3.5.13":
  version: 3.5.13
  resolution: "@vue/runtime-dom@npm:3.5.13"
  dependencies:
    "@vue/reactivity": "npm:3.5.13"
    "@vue/runtime-core": "npm:3.5.13"
    "@vue/shared": "npm:3.5.13"
    csstype: "npm:^3.1.3"
  checksum: 10c0/8ee7f3980d19f77f8e7ae854e3ff1f7ee9a9b8b4e214c8d0492e1180ae818e33c04803b3d094503524d557431a30728b78cf15c3683d8abbbbd1b263a299d62a
  languageName: node
  linkType: hard

"@vue/server-renderer@npm:3.5.13":
  version: 3.5.13
  resolution: "@vue/server-renderer@npm:3.5.13"
  dependencies:
    "@vue/compiler-ssr": "npm:3.5.13"
    "@vue/shared": "npm:3.5.13"
  peerDependencies:
    vue: 3.5.13
  checksum: 10c0/f500bdabc199abf41f1d84defd2a365a47afce1f2223a34c32fada84f6193b39ec2ce50636483409eec81b788b8ef0fa1ff59c63ca0c74764d738c24409eef8f
  languageName: node
  linkType: hard

"@vue/shared@npm:3.5.13":
  version: 3.5.13
  resolution: "@vue/shared@npm:3.5.13"
  checksum: 10c0/2c940ef907116f1c2583ca1d7733984e5705983ab07054c4e72f1d95eb0f7bdf4d01efbdaee1776c2008f79595963f44e98fced057f5957d86d57b70028f5025
  languageName: node
  linkType: hard

"csstype@npm:^3.1.3":
  version: 3.1.3
  resolution: "csstype@npm:3.1.3"
  checksum: 10c0/80c089d6f7e0c5b2bd83cf0539ab41474198579584fa10d86d0cafe0642202343cbc119e076a0b1aece191989477081415d66c9fefbf3c957fc2fc4b7009f248
  languageName: node
  linkType: hard

"entities@npm:^4.5.0":
  version: 4.5.0
  resolution: "entities@npm:4.5.0"
  checksum: 10c0/5b039739f7621f5d1ad996715e53d964035f75ad3b9a4d38c6b3804bb226e282ffeae2443624d8fdd9c47d8e926ae9ac009c54671243f0c3294c26af7cc85250
  languageName: node
  linkType: hard

"estree-walker@npm:^2.0.2":
  version: 2.0.2
  resolution: "estree-walker@npm:2.0.2"
  checksum: 10c0/53a6c54e2019b8c914dc395890153ffdc2322781acf4bd7d1a32d7aedc1710807bdcd866ac133903d5629ec601fbb50abe8c2e5553c7f5a0afdd9b6af6c945af
  languageName: node
  linkType: hard

"lenis-vue@workspace:.":
  version: 0.0.0-use.local
  resolution: "lenis-vue@workspace:."
  dependencies:
    lenis: ../../
    vue: "npm:^3.5.13"
  languageName: unknown
  linkType: soft

"lenis@file:../../::locator=lenis-vue%40workspace%3A.":
  version: 1.2.3
  resolution: "lenis@file:../../#../../::hash=f7c922&locator=lenis-vue%40workspace%3A."
  peerDependencies:
    "@nuxt/kit": ">=3.0.0"
    react: ">=17.0.0"
    vue: ">=3.0.0"
  peerDependenciesMeta:
    "@nuxt/kit":
      optional: true
    react:
      optional: true
    vue:
      optional: true
  checksum: 10c0/474b8c6de34b5b3d0c4fd30bb7006aa18f1d6c1a43af71d4df0c02231e2fa46cb2f66878e461d4ade906ec16715c150b6913d5eff9da6df8e1cde18d939ab093
  languageName: node
  linkType: hard

"magic-string@npm:^0.30.11":
  version: 0.30.17
  resolution: "magic-string@npm:0.30.17"
  dependencies:
    "@jridgewell/sourcemap-codec": "npm:^1.5.0"
  checksum: 10c0/16826e415d04b88378f200fe022b53e638e3838b9e496edda6c0e086d7753a44a6ed187adc72d19f3623810589bf139af1a315541cd6a26ae0771a0193eaf7b8
  languageName: node
  linkType: hard

"nanoid@npm:^3.3.8":
  version: 3.3.11
  resolution: "nanoid@npm:3.3.11"
  bin:
    nanoid: bin/nanoid.cjs
  checksum: 10c0/40e7f70b3d15f725ca072dfc4f74e81fcf1fbb02e491cf58ac0c79093adc9b0a73b152bcde57df4b79cd097e13023d7504acb38404a4da7bc1cd8e887b82fe0b
  languageName: node
  linkType: hard

"picocolors@npm:^1.1.1":
  version: 1.1.1
  resolution: "picocolors@npm:1.1.1"
  checksum: 10c0/e2e3e8170ab9d7c7421969adaa7e1b31434f789afb9b3f115f6b96d91945041ac3ceb02e9ec6fe6510ff036bcc0bf91e69a1772edc0b707e12b19c0f2d6bcf58
  languageName: node
  linkType: hard

"postcss@npm:^8.4.48":
  version: 8.5.3
  resolution: "postcss@npm:8.5.3"
  dependencies:
    nanoid: "npm:^3.3.8"
    picocolors: "npm:^1.1.1"
    source-map-js: "npm:^1.2.1"
  checksum: 10c0/b75510d7b28c3ab728c8733dd01538314a18c52af426f199a3c9177e63eb08602a3938bfb66b62dc01350b9aed62087eabbf229af97a1659eb8d3513cec823b3
  languageName: node
  linkType: hard

"source-map-js@npm:^1.2.0, source-map-js@npm:^1.2.1":
  version: 1.2.1
  resolution: "source-map-js@npm:1.2.1"
  checksum: 10c0/7bda1fc4c197e3c6ff17de1b8b2c20e60af81b63a52cb32ec5a5d67a20a7d42651e2cb34ebe93833c5a2a084377e17455854fee3e21e7925c64a51b6a52b0faf
  languageName: node
  linkType: hard

"vue@npm:^3.5.13":
  version: 3.5.13
  resolution: "vue@npm:3.5.13"
  dependencies:
    "@vue/compiler-dom": "npm:3.5.13"
    "@vue/compiler-sfc": "npm:3.5.13"
    "@vue/runtime-dom": "npm:3.5.13"
    "@vue/server-renderer": "npm:3.5.13"
    "@vue/shared": "npm:3.5.13"
  peerDependencies:
    typescript: "*"
  peerDependenciesMeta:
    typescript:
      optional: true
  checksum: 10c0/4bbb5caf3f04fed933b01c100804f3693ff902984a3152ea1359a972264fa3240f6551d32f0163a79c64df3715b4d6691818c9f652cdd41b2473c69e2b0a373d
  languageName: node
  linkType: hard
