# This file is generated by running "yarn install" inside your project.
# Manual changes might be lost - proceed with caution!

__metadata:
  version: 8
  cacheKey: 10c0

"lenis-snap@workspace:.":
  version: 0.0.0-use.local
  resolution: "lenis-snap@workspace:."
  dependencies:
    lenis: ../../
  languageName: unknown
  linkType: soft

"lenis@file:../../::locator=lenis-snap%40workspace%3A.":
  version: 1.2.3
  resolution: "lenis@file:../../#../../::hash=e6676c&locator=lenis-snap%40workspace%3A."
  peerDependencies:
    "@nuxt/kit": ">=3.0.0"
    react: ">=17.0.0"
    vue: ">=3.0.0"
  peerDependenciesMeta:
    "@nuxt/kit":
      optional: true
    react:
      optional: true
    vue:
      optional: true
  checksum: 10c0/a2081e23ed59f10542e5a401840e508a7a7af5eb5f4c3e6378e9544e833bc2e8e9e30ef43f0c2822df927f6f51dc6c6048a6dfb3c6bb579f196fdb3db28b7eb5
  languageName: node
  linkType: hard
